{
  "nodes": {
    "nixpkgs": {
      "locked": {
        "lastModified": 1626473864,
        "narHash": "sha256-6hCuSF9BKgYi+/JEAyx9IV3f4CMKyPG4OWwj7h6VwXc=",
        "owner": "NixOS",
        "repo": "nixpkgs",
        "rev": "fd16fa6805e9e40db9eace77c92ec8a94d2624f6",
        "type": "github"
      },
      "original": {
        "owner": "NixOS",
        "ref": "nixpkgs-unstable",
        "repo": "nixpkgs",
        "type": "github"
      }
    },
    "root": {
      "inputs": {
        "nixpkgs": "nixpkgs"
      }
    }
  },
  "root": "root",
  "version": 7
}
